// !$*UTF8*$!
{
	archiveVersion = 1;
	classes = {
	};
	objectVersion = 56;
	objects = {

/* Begin PBXBuildFile section */
		81AA84BA2B4F18E4002F5025 /* AddingMachineApp.swift in Sources */ = {isa = PBXBuildFile; fileRef = 81AA84B92B4F18E4002F5025 /* AddingMachineApp.swift */; };
		81AA84BE2B4F18E5002F5025 /* Assets.xcassets in Resources */ = {isa = PBXBuildFile; fileRef = 81AA84BD2B4F18E5002F5025 /* Assets.xcassets */; };
		81AA84C12B4F18E5002F5025 /* Preview Assets.xcassets in Resources */ = {isa = PBXBuildFile; fileRef = 81AA84C02B4F18E5002F5025 /* Preview Assets.xcassets */; };
		81AA84CB2B4F1980002F5025 /* QuizView.swift in Sources */ = {isa = PBXBuildFile; fileRef = 81AA84CA2B4F1980002F5025 /* QuizView.swift */; };
		81AA84CD2B4F20A9002F5025 /* AnswerState.swift in Sources */ = {isa = PBXBuildFile; fileRef = 81AA84CC2B4F20A9002F5025 /* AnswerState.swift */; };
/* End PBXBuildFile section */

/* Begin PBXFileReference section */
		81AA84B62B4F18E4002F5025 /* AddingMachine.app */ = {isa = PBXFileReference; explicitFileType = wrapper.application; includeInIndex = 0; path = AddingMachine.app; sourceTree = BUILT_PRODUCTS_DIR; };
		81AA84B92B4F18E4002F5025 /* AddingMachineApp.swift */ = {isa = PBXFileReference; lastKnownFileType = sourcecode.swift; path = AddingMachineApp.swift; sourceTree = "<group>"; };
		81AA84BD2B4F18E5002F5025 /* Assets.xcassets */ = {isa = PBXFileReference; lastKnownFileType = folder.assetcatalog; path = Assets.xcassets; sourceTree = "<group>"; };
		81AA84C02B4F18E5002F5025 /* Preview Assets.xcassets */ = {isa = PBXFileReference; lastKnownFileType = folder.assetcatalog; path = "Preview Assets.xcassets"; sourceTree = "<group>"; };
		81AA84C22B4F18E5002F5025 /* AddingMachine.entitlements */ = {isa = PBXFileReference; lastKnownFileType = text.plist.entitlements; path = AddingMachine.entitlements; sourceTree = "<group>"; };
		81AA84CA2B4F1980002F5025 /* QuizView.swift */ = {isa = PBXFileReference; lastKnownFileType = sourcecode.swift; path = QuizView.swift; sourceTree = "<group>"; };
		81AA84CC2B4F20A9002F5025 /* AnswerState.swift */ = {isa = PBXFileReference; lastKnownFileType = sourcecode.swift; path = AnswerState.swift; sourceTree = "<group>"; };
/* End PBXFileReference section */

/* Begin PBXFrameworksBuildPhase section */
		81AA84B32B4F18E4002F5025 /* Frameworks */ = {
			isa = PBXFrameworksBuildPhase;
			buildActionMask = 2147483647;
			files = (
			);
			runOnlyForDeploymentPostprocessing = 0;
		};
/* End PBXFrameworksBuildPhase section */

/* Begin PBXGroup section */
		81AA84AD2B4F18E4002F5025 = {
			isa = PBXGroup;
			children = (
				81AA84B92B4F18E4002F5025 /* AddingMachineApp.swift */,
				81AA84B82B4F18E4002F5025 /* AddingMachine */,
				81AA84B72B4F18E4002F5025 /* Products */,
			);
			sourceTree = "<group>";
		};
		81AA84B72B4F18E4002F5025 /* Products */ = {
			isa = PBXGroup;
			children = (
				81AA84B62B4F18E4002F5025 /* AddingMachine.app */,
			);
			name = Products;
			sourceTree = "<group>";
		};
		81AA84B82B4F18E4002F5025 /* AddingMachine */ = {
			isa = PBXGroup;
			children = (
				81AA84C92B4F192E002F5025 /* Model */,
				81AA84C82B4F1926002F5025 /* Views */,
				81AA84BD2B4F18E5002F5025 /* Assets.xcassets */,
				81AA84C22B4F18E5002F5025 /* AddingMachine.entitlements */,
				81AA84BF2B4F18E5002F5025 /* Preview Content */,
			);
			path = AddingMachine;
			sourceTree = "<group>";
		};
		81AA84BF2B4F18E5002F5025 /* Preview Content */ = {
			isa = PBXGroup;
			children = (
				81AA84C02B4F18E5002F5025 /* Preview Assets.xcassets */,
			);
			path = "Preview Content";
			sourceTree = "<group>";
		};
		81AA84C82B4F1926002F5025 /* Views */ = {
			isa = PBXGroup;
			children = (
				81AA84CA2B4F1980002F5025 /* QuizView.swift */,
			);
			path = Views;
			sourceTree = "<group>";
		};
		81AA84C92B4F192E002F5025 /* Model */ = {
			isa = PBXGroup;
			children = (
				81AA84CC2B4F20A9002F5025 /* AnswerState.swift */,
			);
			path = Model;
			sourceTree = "<group>";
		};
/* End PBXGroup section */

/* Begin PBXNativeTarget section */
		81AA84B52B4F18E4002F5025 /* AddingMachine */ = {
			isa = PBXNativeTarget;
			buildConfigurationList = 81AA84C52B4F18E5002F5025 /* Build configuration list for PBXNativeTarget "AddingMachine" */;
			buildPhases = (
				81AA84B22B4F18E4002F5025 /* Sources */,
				81AA84B32B4F18E4002F5025 /* Frameworks */,
				81AA84B42B4F18E4002F5025 /* Resources */,
			);
			buildRules = (
			);
			dependencies = (
			);
			name = AddingMachine;
			productName = AddingMachine;
			productReference = 81AA84B62B4F18E4002F5025 /* AddingMachine.app */;
			productType = "com.apple.product-type.application";
		};
/* End PBXNativeTarget section */

/* Begin PBXProject section */
		81AA84AE2B4F18E4002F5025 /* Project object */ = {
			isa = PBXProject;
			attributes = {
				BuildIndependentTargetsInParallel = 1;
				LastSwiftUpdateCheck = 1520;
				LastUpgradeCheck = 1520;
				TargetAttributes = {
					81AA84B52B4F18E4002F5025 = {
						CreatedOnToolsVersion = 15.2;
					};
				};
			};
			buildConfigurationList = 81AA84B12B4F18E4002F5025 /* Build configuration list for PBXProject "AddingMachine" */;
			compatibilityVersion = "Xcode 14.0";
			developmentRegion = en;
			hasScannedForEncodings = 0;
			knownRegions = (
				en,
				Base,
			);
			mainGroup = 81AA84AD2B4F18E4002F5025;
			productRefGroup = 81AA84B72B4F18E4002F5025 /* Products */;
			projectDirPath = "";
			projectRoot = "";
			targets = (
				81AA84B52B4F18E4002F5025 /* AddingMachine */,
			);
		};
/* End PBXProject section */

/* Begin PBXResourcesBuildPhase section */
		81AA84B42B4F18E4002F5025 /* Resources */ = {
			isa = PBXResourcesBuildPhase;
			buildActionMask = 2147483647;
			files = (
				81AA84C12B4F18E5002F5025 /* Preview Assets.xcassets in Resources */,
				81AA84BE2B4F18E5002F5025 /* Assets.xcassets in Resources */,
			);
			runOnlyForDeploymentPostprocessing = 0;
		};
/* End PBXResourcesBuildPhase section */

/* Begin PBXSourcesBuildPhase section */
		81AA84B22B4F18E4002F5025 /* Sources */ = {
			isa = PBXSourcesBuildPhase;
			buildActionMask = 2147483647;
			files = (
				81AA84CD2B4F20A9002F5025 /* AnswerState.swift in Sources */,
				81AA84BA2B4F18E4002F5025 /* AddingMachineApp.swift in Sources */,
				81AA84CB2B4F1980002F5025 /* QuizView.swift in Sources */,
			);
			runOnlyForDeploymentPostprocessing = 0;
		};
/* End PBXSourcesBuildPhase section */

/* Begin XCBuildConfiguration section */
		81AA84C32B4F18E5002F5025 /* Debug */ = {
			isa = XCBuildConfiguration;
			buildSettings = {
				ALWAYS_SEARCH_USER_PATHS = NO;
				ASSETCATALOG_COMPILER_GENERATE_SWIFT_ASSET_SYMBOL_EXTENSIONS = YES;
				CLANG_ANALYZER_NONNULL = YES;
				CLANG_ANALYZER_NUMBER_OBJECT_CONVERSION = YES_AGGRESSIVE;
				CLANG_CXX_LANGUAGE_STANDARD = "gnu++20";
				CLANG_ENABLE_MODULES = YES;
				CLANG_ENABLE_OBJC_ARC = YES;
				CLANG_ENABLE_OBJC_WEAK = YES;
				CLANG_WARN_BLOCK_CAPTURE_AUTORELEASING = YES;
				CLANG_WARN_BOOL_CONVERSION = YES;
				CLANG_WARN_COMMA = YES;
				CLANG_WARN_CONSTANT_CONVERSION = YES;
				CLANG_WARN_DEPRECATED_OBJC_IMPLEMENTATIONS = YES;
				CLANG_WARN_DIRECT_OBJC_ISA_USAGE = YES_ERROR;
				CLANG_WARN_DOCUMENTATION_COMMENTS = YES;
				CLANG_WARN_EMPTY_BODY = YES;
				CLANG_WARN_ENUM_CONVERSION = YES;
				CLANG_WARN_INFINITE_RECURSION = YES;
				CLANG_WARN_INT_CONVERSION = YES;
				CLANG_WARN_NON_LITERAL_NULL_CONVERSION = YES;
				CLANG_WARN_OBJC_IMPLICIT_RETAIN_SELF = YES;
				CLANG_WARN_OBJC_LITERAL_CONVERSION = YES;
				CLANG_WARN_OBJC_ROOT_CLASS = YES_ERROR;
				CLANG_WARN_QUOTED_INCLUDE_IN_FRAMEWORK_HEADER = YES;
				CLANG_WARN_RANGE_LOOP_ANALYSIS = YES;
				CLANG_WARN_STRICT_PROTOTYPES = YES;
				CLANG_WARN_SUSPICIOUS_MOVE = YES;
				CLANG_WARN_UNGUARDED_AVAILABILITY = YES_AGGRESSIVE;
				CLANG_WARN_UNREACHABLE_CODE = YES;
				CLANG_WARN__DUPLICATE_METHOD_MATCH = YES;
				COPY_PHASE_STRIP = NO;
				DEBUG_INFORMATION_FORMAT = dwarf;
				ENABLE_STRICT_OBJC_MSGSEND = YES;
				ENABLE_TESTABILITY = YES;
				ENABLE_USER_SCRIPT_SANDBOXING = YES;
				GCC_C_LANGUAGE_STANDARD = gnu17;
				GCC_DYNAMIC_NO_PIC = NO;
				GCC_NO_COMMON_BLOCKS = YES;
				GCC_OPTIMIZATION_LEVEL = 0;
				GCC_PREPROCESSOR_DEFINITIONS = (
					"DEBUG=1",
					"$(inherited)",
				);
				GCC_WARN_64_TO_32_BIT_CONVERSION = YES;
				GCC_WARN_ABOUT_RETURN_TYPE = YES_ERROR;
				GCC_WARN_UNDECLARED_SELECTOR = YES;
				GCC_WARN_UNINITIALIZED_AUTOS = YES_AGGRESSIVE;
				GCC_WARN_UNUSED_FUNCTION = YES;
				GCC_WARN_UNUSED_VARIABLE = YES;
				LOCALIZATION_PREFERS_STRING_CATALOGS = YES;
				MACOSX_DEPLOYMENT_TARGET = 14.2;
				MTL_ENABLE_DEBUG_INFO = INCLUDE_SOURCE;
				MTL_FAST_MATH = YES;
				ONLY_ACTIVE_ARCH = YES;
				SDKROOT = macosx;
				SWIFT_ACTIVE_COMPILATION_CONDITIONS = "DEBUG $(inherited)";
				SWIFT_OPTIMIZATION_LEVEL = "-Onone";
			};
			name = Debug;
		};
		81AA84C42B4F18E5002F5025 /* Release */ = {
			isa = XCBuildConfiguration;
			buildSettings = {
				ALWAYS_SEARCH_USER_PATHS = NO;
				ASSETCATALOG_COMPILER_GENERATE_SWIFT_ASSET_SYMBOL_EXTENSIONS = YES;
				CLANG_ANALYZER_NONNULL = YES;
				CLANG_ANALYZER_NUMBER_OBJECT_CONVERSION = YES_AGGRESSIVE;
				CLANG_CXX_LANGUAGE_STANDARD = "gnu++20";
				CLANG_ENABLE_MODULES = YES;
				CLANG_ENABLE_OBJC_ARC = YES;
				CLANG_ENABLE_OBJC_WEAK = YES;
				CLANG_WARN_BLOCK_CAPTURE_AUTORELEASING = YES;
				CLANG_WARN_BOOL_CONVERSION = YES;
				CLANG_WARN_COMMA = YES;
				CLANG_WARN_CONSTANT_CONVERSION = YES;
				CLANG_WARN_DEPRECATED_OBJC_IMPLEMENTATIONS = YES;
				CLANG_WARN_DIRECT_OBJC_ISA_USAGE = YES_ERROR;
				CLANG_WARN_DOCUMENTATION_COMMENTS = YES;
				CLANG_WARN_EMPTY_BODY = YES;
				CLANG_WARN_ENUM_CONVERSION = YES;
				CLANG_WARN_INFINITE_RECURSION = YES;
				CLANG_WARN_INT_CONVERSION = YES;
				CLANG_WARN_NON_LITERAL_NULL_CONVERSION = YES;
				CLANG_WARN_OBJC_IMPLICIT_RETAIN_SELF = YES;
				CLANG_WARN_OBJC_LITERAL_CONVERSION = YES;
				CLANG_WARN_OBJC_ROOT_CLASS = YES_ERROR;
				CLANG_WARN_QUOTED_INCLUDE_IN_FRAMEWORK_HEADER = YES;
				CLANG_WARN_RANGE_LOOP_ANALYSIS = YES;
				CLANG_WARN_STRICT_PROTOTYPES = YES;
				CLANG_WARN_SUSPICIOUS_MOVE = YES;
				CLANG_WARN_UNGUARDED_AVAILABILITY = YES_AGGRESSIVE;
				CLANG_WARN_UNREACHABLE_CODE = YES;
				CLANG_WARN__DUPLICATE_METHOD_MATCH = YES;
				COPY_PHASE_STRIP = NO;
				DEBUG_INFORMATION_FORMAT = "dwarf-with-dsym";
				ENABLE_NS_ASSERTIONS = NO;
				ENABLE_STRICT_OBJC_MSGSEND = YES;
				ENABLE_USER_SCRIPT_SANDBOXING = YES;
				GCC_C_LANGUAGE_STANDARD = gnu17;
				GCC_NO_COMMON_BLOCKS = YES;
				GCC_WARN_64_TO_32_BIT_CONVERSION = YES;
				GCC_WARN_ABOUT_RETURN_TYPE = YES_ERROR;
				GCC_WARN_UNDECLARED_SELECTOR = YES;
				GCC_WARN_UNINITIALIZED_AUTOS = YES_AGGRESSIVE;
				GCC_WARN_UNUSED_FUNCTION = YES;
				GCC_WARN_UNUSED_VARIABLE = YES;
				LOCALIZATION_PREFERS_STRING_CATALOGS = YES;
				MACOSX_DEPLOYMENT_TARGET = 14.2;
				MTL_ENABLE_DEBUG_INFO = NO;
				MTL_FAST_MATH = YES;
				SDKROOT = macosx;
				SWIFT_COMPILATION_MODE = wholemodule;
			};
			name = Release;
		};
		81AA84C62B4F18E5002F5025 /* Debug */ = {
			isa = XCBuildConfiguration;
			buildSettings = {
				ASSETCATALOG_COMPILER_APPICON_NAME = AppIcon;
				ASSETCATALOG_COMPILER_GLOBAL_ACCENT_COLOR_NAME = AccentColor;
				CODE_SIGN_ENTITLEMENTS = AddingMachine/AddingMachine.entitlements;
				CODE_SIGN_STYLE = Automatic;
				COMBINE_HIDPI_IMAGES = YES;
				CURRENT_PROJECT_VERSION = 1;
				DEVELOPMENT_ASSET_PATHS = "\"AddingMachine/Preview Content\"";
				DEVELOPMENT_TEAM = C7DL9Y9A7R;
				ENABLE_HARDENED_RUNTIME = YES;
				ENABLE_PREVIEWS = YES;
				GENERATE_INFOPLIST_FILE = YES;
				INFOPLIST_KEY_NSHumanReadableCopyright = "";
				LD_RUNPATH_SEARCH_PATHS = (
					"$(inherited)",
					"@executable_path/../Frameworks",
				);
				MARKETING_VERSION = 1.0;
				PRODUCT_BUNDLE_IDENTIFIER = ca.russellgordon.AddingMachine;
				PRODUCT_NAME = "$(TARGET_NAME)";
				SWIFT_EMIT_LOC_STRINGS = YES;
				SWIFT_VERSION = 5.0;
			};
			name = Debug;
		};
		81AA84C72B4F18E5002F5025 /* Release */ = {
			isa = XCBuildConfiguration;
			buildSettings = {
				ASSETCATALOG_COMPILER_APPICON_NAME = AppIcon;
				ASSETCATALOG_COMPILER_GLOBAL_ACCENT_COLOR_NAME = AccentColor;
				CODE_SIGN_ENTITLEMENTS = AddingMachine/AddingMachine.entitlements;
				CODE_SIGN_STYLE = Automatic;
				COMBINE_HIDPI_IMAGES = YES;
				CURRENT_PROJECT_VERSION = 1;
				DEVELOPMENT_ASSET_PATHS = "\"AddingMachine/Preview Content\"";
				DEVELOPMENT_TEAM = C7DL9Y9A7R;
				ENABLE_HARDENED_RUNTIME = YES;
				ENABLE_PREVIEWS = YES;
				GENERATE_INFOPLIST_FILE = YES;
				INFOPLIST_KEY_NSHumanReadableCopyright = "";
				LD_RUNPATH_SEARCH_PATHS = (
					"$(inherited)",
					"@executable_path/../Frameworks",
				);
				MARKETING_VERSION = 1.0;
				PRODUCT_BUNDLE_IDENTIFIER = ca.russellgordon.AddingMachine;
				PRODUCT_NAME = "$(TARGET_NAME)";
				SWIFT_EMIT_LOC_STRINGS = YES;
				SWIFT_VERSION = 5.0;
			};
			name = Release;
		};
/* End XCBuildConfiguration section */

/* Begin XCConfigurationList section */
		81AA84B12B4F18E4002F5025 /* Build configuration list for PBXProject "AddingMachine" */ = {
			isa = XCConfigurationList;
			buildConfigurations = (
				81AA84C32B4F18E5002F5025 /* Debug */,
				81AA84C42B4F18E5002F5025 /* Release */,
			);
			defaultConfigurationIsVisible = 0;
			defaultConfigurationName = Release;
		};
		81AA84C52B4F18E5002F5025 /* Build configuration list for PBXNativeTarget "AddingMachine" */ = {
			isa = XCConfigurationList;
			buildConfigurations = (
				81AA84C62B4F18E5002F5025 /* Debug */,
				81AA84C72B4F18E5002F5025 /* Release */,
			);
			defaultConfigurationIsVisible = 0;
			defaultConfigurationName = Release;
		};
/* End XCConfigurationList section */
	};
	rootObject = 81AA84AE2B4F18E4002F5025 /* Project object */;
}
